
Microsoft Visual Studio Solution File, Format Version 12.00
# Visual Studio Version 16
VisualStudioVersion = 16.0.31613.86
MinimumVisualStudioVersion = 10.0.40219.1
Project("{FAE04EC0-301F-11D3-BF4B-00C04F79EFBC}") = "senai_InLock_WebApi", "senai_InLock_WebApi\senai_InLock_WebApi.csproj", "{45CC2000-43E6-403F-80C8-B8F940F687D3}"
EndProject
Global
	GlobalSection(SolutionConfigurationPlatforms) = preSolution
		Debug|Any CPU = Debug|Any CPU
		Release|Any CPU = Release|Any CPU
	EndGlobalSection
	GlobalSection(ProjectConfigurationPlatforms) = postSolution
		{45CC2000-43E6-403F-80C8-B8F940F687D3}.Debug|Any CPU.ActiveCfg = Debug|Any CPU
		{45CC2000-43E6-403F-80C8-B8F940F687D3}.Debug|Any CPU.Build.0 = Debug|Any CPU
		{45CC2000-43E6-403F-80C8-B8F940F687D3}.Release|Any CPU.ActiveCfg = Release|Any CPU
		{45CC2000-43E6-403F-80C8-B8F940F687D3}.Release|Any CPU.Build.0 = Release|Any CPU
	EndGlobalSection
	GlobalSection(SolutionProperties) = preSolution
		HideSolutionNode = FALSE
	EndGlobalSection
	GlobalSection(ExtensibilityGlobals) = postSolution
		SolutionGuid = {0742AAF4-EB33-4AEA-8DE2-92B7E4A65F05}
	EndGlobalSection
EndGlobal
